
Microsoft Visual Studio Solution File, Format Version 12.00
# Visual Studio Version 17
VisualStudioVersion = 17.6.33723.286
MinimumVisualStudioVersion = 10.0.40219.1
Project("{FAE04EC0-301F-11D3-BF4B-00C04F79EFBC}") = "MyStore", "MyStore\MyStore.csproj", "{8659725E-D225-474E-B87C-9F76C94A4A8F}"
EndProject
Global
	GlobalSection(SolutionConfigurationPlatforms) = preSolution
		Debug|Any CPU = Debug|Any CPU
		Release|Any CPU = Release|Any CPU
	EndGlobalSection
	GlobalSection(ProjectConfigurationPlatforms) = postSolution
		{8659725E-D225-474E-B87C-9F76C94A4A8F}.Debug|Any CPU.ActiveCfg = Debug|Any CPU
		{8659725E-D225-474E-B87C-9F76C94A4A8F}.Debug|Any CPU.Build.0 = Debug|Any CPU
		{8659725E-D225-474E-B87C-9F76C94A4A8F}.Release|Any CPU.ActiveCfg = Release|Any CPU
		{8659725E-D225-474E-B87C-9F76C94A4A8F}.Release|Any CPU.Build.0 = Release|Any CPU
	EndGlobalSection
	GlobalSection(SolutionProperties) = preSolution
		HideSolutionNode = FALSE
	EndGlobalSection
	GlobalSection(ExtensibilityGlobals) = postSolution
		SolutionGuid = {1AF45D24-C940-41A2-B125-A195791F6992}
	EndGlobalSection
EndGlobal
